
Microsoft Visual Studio Solution File, Format Version 12.00
Project("{FAE04EC0-301F-11D3-BF4B-00C04F79EFBC}") = "ScreenCaputreTool", "ScreenCaputreTool\ScreenCaputreTool.csproj", "{E11E9F75-D438-42EF-A8B3-EE365DD0178E}"
EndProject
Global
	GlobalSection(SolutionConfigurationPlatforms) = preSolution
		Debug|Any CPU = Debug|Any CPU
		Release|Any CPU = Release|Any CPU
	EndGlobalSection
	GlobalSection(ProjectConfigurationPlatforms) = postSolution
		{E11E9F75-D438-42EF-A8B3-EE365DD0178E}.Debug|Any CPU.ActiveCfg = Debug|Any CPU
		{E11E9F75-D438-42EF-A8B3-EE365DD0178E}.Debug|Any CPU.Build.0 = Debug|Any CPU
		{E11E9F75-D438-42EF-A8B3-EE365DD0178E}.Release|Any CPU.ActiveCfg = Release|Any CPU
		{E11E9F75-D438-42EF-A8B3-EE365DD0178E}.Release|Any CPU.Build.0 = Release|Any CPU
	EndGlobalSection
EndGlobal
